
Microsoft Visual Studio Solution File, Format Version 12.00
# Visual Studio Version 17
VisualStudioVersion = 17.0.31903.59
MinimumVisualStudioVersion = 10.0.40219.1
Project("{2150E333-8FDC-42A3-9474-1A3956D46DE8}") = "src", "src", "{863BD4C2-C6C6-4991-85EF-3CF1E519871F}"
EndProject
Project("{FAE04EC0-301F-11D3-BF4B-00C04F79EFBC}") = "Application", "src\Application\Application.csproj", "{3E49D607-710E-44A2-9D93-9AAA64FB87DA}"
EndProject
Project("{FAE04EC0-301F-11D3-BF4B-00C04F79EFBC}") = "Infrastructure", "src\Infrastructure\Infrastructure.csproj", "{B6C889C0-0509-49E3-8216-18FA81B63242}"
EndProject
Project("{FAE04EC0-301F-11D3-BF4B-00C04F79EFBC}") = "Domain", "src\Domain\Domain.csproj", "{03E2E193-FFB6-49D0-B79E-2952E9A9D4AD}"
EndProject
Project("{FAE04EC0-301F-11D3-BF4B-00C04F79EFBC}") = "WebApi", "src\WebApi\WebApi.csproj", "{73BC8F4A-B438-425A-BA26-CB08FB77969E}"
EndProject
Global
	GlobalSection(SolutionConfigurationPlatforms) = preSolution
		Debug|Any CPU = Debug|Any CPU
		Release|Any CPU = Release|Any CPU
	EndGlobalSection
	GlobalSection(SolutionProperties) = preSolution
		HideSolutionNode = FALSE
	EndGlobalSection
	GlobalSection(ProjectConfigurationPlatforms) = postSolution
		{3E49D607-710E-44A2-9D93-9AAA64FB87DA}.Debug|Any CPU.ActiveCfg = Debug|Any CPU
		{3E49D607-710E-44A2-9D93-9AAA64FB87DA}.Debug|Any CPU.Build.0 = Debug|Any CPU
		{3E49D607-710E-44A2-9D93-9AAA64FB87DA}.Release|Any CPU.ActiveCfg = Release|Any CPU
		{3E49D607-710E-44A2-9D93-9AAA64FB87DA}.Release|Any CPU.Build.0 = Release|Any CPU
		{B6C889C0-0509-49E3-8216-18FA81B63242}.Debug|Any CPU.ActiveCfg = Debug|Any CPU
		{B6C889C0-0509-49E3-8216-18FA81B63242}.Debug|Any CPU.Build.0 = Debug|Any CPU
		{B6C889C0-0509-49E3-8216-18FA81B63242}.Release|Any CPU.ActiveCfg = Release|Any CPU
		{B6C889C0-0509-49E3-8216-18FA81B63242}.Release|Any CPU.Build.0 = Release|Any CPU
		{03E2E193-FFB6-49D0-B79E-2952E9A9D4AD}.Debug|Any CPU.ActiveCfg = Debug|Any CPU
		{03E2E193-FFB6-49D0-B79E-2952E9A9D4AD}.Debug|Any CPU.Build.0 = Debug|Any CPU
		{03E2E193-FFB6-49D0-B79E-2952E9A9D4AD}.Release|Any CPU.ActiveCfg = Release|Any CPU
		{03E2E193-FFB6-49D0-B79E-2952E9A9D4AD}.Release|Any CPU.Build.0 = Release|Any CPU
		{73BC8F4A-B438-425A-BA26-CB08FB77969E}.Debug|Any CPU.ActiveCfg = Debug|Any CPU
		{73BC8F4A-B438-425A-BA26-CB08FB77969E}.Debug|Any CPU.Build.0 = Debug|Any CPU
		{73BC8F4A-B438-425A-BA26-CB08FB77969E}.Release|Any CPU.ActiveCfg = Release|Any CPU
		{73BC8F4A-B438-425A-BA26-CB08FB77969E}.Release|Any CPU.Build.0 = Release|Any CPU
	EndGlobalSection
	GlobalSection(NestedProjects) = preSolution
		{3E49D607-710E-44A2-9D93-9AAA64FB87DA} = {863BD4C2-C6C6-4991-85EF-3CF1E519871F}
		{B6C889C0-0509-49E3-8216-18FA81B63242} = {863BD4C2-C6C6-4991-85EF-3CF1E519871F}
		{03E2E193-FFB6-49D0-B79E-2952E9A9D4AD} = {863BD4C2-C6C6-4991-85EF-3CF1E519871F}
		{73BC8F4A-B438-425A-BA26-CB08FB77969E} = {863BD4C2-C6C6-4991-85EF-3CF1E519871F}
	EndGlobalSection
EndGlobal
